
Microsoft Visual Studio Solution File, Format Version 12.00
# Visual Studio Version 16
VisualStudioVersion = 16.0.30204.135
MinimumVisualStudioVersion = 10.0.40219.1
Project("{FAE04EC0-301F-11D3-BF4B-00C04F79EFBC}") = "RSA Sample", "RSA Sample\RSA Sample.csproj", "{43D85E84-141F-4F68-80B0-2A46F221B9FE}"
EndProject
Project("{FAE04EC0-301F-11D3-BF4B-00C04F79EFBC}") = "RSA Public Private Key Sample", "RSA Public Private Key Sample\RSA Public Private Key Sample.csproj", "{A5A21D7C-F2EE-42E5-A575-ADB211970557}"
EndProject
Project("{FAE04EC0-301F-11D3-BF4B-00C04F79EFBC}") = "AES Advanced Encryption Standard Sample", "AES Advanced Encryption Standard Sample\AES Advanced Encryption Standard Sample.csproj", "{576F2587-F9FC-4C23-891E-7869A6B1A22D}"
EndProject
Global
	GlobalSection(SolutionConfigurationPlatforms) = preSolution
		Debug|Any CPU = Debug|Any CPU
		Release|Any CPU = Release|Any CPU
	EndGlobalSection
	GlobalSection(ProjectConfigurationPlatforms) = postSolution
		{43D85E84-141F-4F68-80B0-2A46F221B9FE}.Debug|Any CPU.ActiveCfg = Debug|Any CPU
		{43D85E84-141F-4F68-80B0-2A46F221B9FE}.Debug|Any CPU.Build.0 = Debug|Any CPU
		{43D85E84-141F-4F68-80B0-2A46F221B9FE}.Release|Any CPU.ActiveCfg = Release|Any CPU
		{43D85E84-141F-4F68-80B0-2A46F221B9FE}.Release|Any CPU.Build.0 = Release|Any CPU
		{A5A21D7C-F2EE-42E5-A575-ADB211970557}.Debug|Any CPU.ActiveCfg = Debug|Any CPU
		{A5A21D7C-F2EE-42E5-A575-ADB211970557}.Debug|Any CPU.Build.0 = Debug|Any CPU
		{A5A21D7C-F2EE-42E5-A575-ADB211970557}.Release|Any CPU.ActiveCfg = Release|Any CPU
		{A5A21D7C-F2EE-42E5-A575-ADB211970557}.Release|Any CPU.Build.0 = Release|Any CPU
		{576F2587-F9FC-4C23-891E-7869A6B1A22D}.Debug|Any CPU.ActiveCfg = Debug|Any CPU
		{576F2587-F9FC-4C23-891E-7869A6B1A22D}.Debug|Any CPU.Build.0 = Debug|Any CPU
		{576F2587-F9FC-4C23-891E-7869A6B1A22D}.Release|Any CPU.ActiveCfg = Release|Any CPU
		{576F2587-F9FC-4C23-891E-7869A6B1A22D}.Release|Any CPU.Build.0 = Release|Any CPU
	EndGlobalSection
	GlobalSection(SolutionProperties) = preSolution
		HideSolutionNode = FALSE
	EndGlobalSection
	GlobalSection(ExtensibilityGlobals) = postSolution
		SolutionGuid = {0B6EB02A-58EF-4B80-9D35-8AFC31DE5288}
	EndGlobalSection
EndGlobal
